
Microsoft Visual Studio Solution File, Format Version 12.00
# Visual Studio Version 17
VisualStudioVersion = 17.8.34316.72
MinimumVisualStudioVersion = 10.0.40219.1
Project("{8BC9CEB8-8B4A-11D0-8D11-00A0C91BC942}") = "BOJ_6679", "BOJ_6679\BOJ_6679.vcxproj", "{375D41B0-453D-438A-B9E1-723E07784FF8}"
EndProject
Global
	GlobalSection(SolutionConfigurationPlatforms) = preSolution
		Debug|x64 = Debug|x64
		Release|x64 = Release|x64
	EndGlobalSection
	GlobalSection(ProjectConfigurationPlatforms) = postSolution
		{375D41B0-453D-438A-B9E1-723E07784FF8}.Debug|x64.ActiveCfg = Debug|x64
		{375D41B0-453D-438A-B9E1-723E07784FF8}.Debug|x64.Build.0 = Debug|x64
		{375D41B0-453D-438A-B9E1-723E07784FF8}.Release|x64.ActiveCfg = Release|x64
		{375D41B0-453D-438A-B9E1-723E07784FF8}.Release|x64.Build.0 = Release|x64
	EndGlobalSection
	GlobalSection(SolutionProperties) = preSolution
		HideSolutionNode = FALSE
	EndGlobalSection
	GlobalSection(ExtensibilityGlobals) = postSolution
		SolutionGuid = {70B9A8CB-29F1-4844-9335-0621CE739838}
	EndGlobalSection
EndGlobal
